<?xml version="1.0" encoding="utf-8"?>
<Project ToolsVersion="4.0" xmlns="http://schemas.microsoft.com/developer/msbuild/2003">
  <ItemGroup>
    <Filter Include="소스 파일">
      <UniqueIdentifier>{4FC737F1-C7A5-4376-A066-2A32D752A2FF}</UniqueIdentifier>
      <Extensions>cpp;c;cc;cxx;def;odl;idl;hpj;bat;asm;asmx</Extensions>
    </Filter>
    <Filter Include="헤더 파일">
      <UniqueIdentifier>{93995380-89BD-4b04-88EB-625FBE52EBFB}</UniqueIdentifier>
      <Extensions>h;hh;hpp;hxx;hm;inl;inc;xsd</Extensions>
    </Filter>
    <Filter Include="리소스 파일">
      <UniqueIdentifier>{67DA6AB6-F800-4c08-8B7A-83BB121AAD01}</UniqueIdentifier>
      <Extensions>rc;ico;cur;bmp;dlg;rc2;rct;bin;rgs;gif;jpg;jpeg;jpe;resx;tiff;tif;png;wav;mfcribbon-ms</Extensions>
    </Filter>
    <Filter Include="D3D Core">
      <UniqueIdentifier>{7a9ad97c-09d8-4716-a30f-b6d891dc555c}</UniqueIdentifier>
    </Filter>
    <Filter Include="D3D Core\코어 헤더파일">
      <UniqueIdentifier>{9de5f299-b97a-4cbc-8b76-fa4257b5fed2}</UniqueIdentifier>
    </Filter>
    <Filter Include="D3D Core\코어 소스">
      <UniqueIdentifier>{6658b04b-ad02-4972-bbd6-56610a7d0b17}</UniqueIdentifier>
    </Filter>
    <Filter Include="소스 파일\Sound">
      <UniqueIdentifier>{61d52f9b-efee-4445-a052-f6c4ab5227fc}</UniqueIdentifier>
    </Filter>
    <Filter Include="소스 파일\GameManager">
      <UniqueIdentifier>{cebaf1a7-eceb-4a76-b89b-546059c9a4bf}</UniqueIdentifier>
    </Filter>
    <Filter Include="소스 파일\Mysql">
      <UniqueIdentifier>{8f36a8e7-495b-493c-9a78-ed4359633356}</UniqueIdentifier>
    </Filter>
    <Filter Include="소스 파일\콜라이더">
      <UniqueIdentifier>{12a0cf25-2be5-4e1d-ad05-c2a84868a263}</UniqueIdentifier>
    </Filter>
    <Filter Include="소스 파일\Map">
      <UniqueIdentifier>{cec1e42a-12c0-4cf8-9cca-8fc295a432ae}</UniqueIdentifier>
    </Filter>
    <Filter Include="소스 파일\Knight">
      <UniqueIdentifier>{c6051ed8-bf8f-4da2-a7b5-db98dfb77656}</UniqueIdentifier>
    </Filter>
    <Filter Include="소스 파일\UI">
      <UniqueIdentifier>{76be01cd-727b-4414-9444-35edf83bbbbf}</UniqueIdentifier>
    </Filter>
    <Filter Include="소스 파일\Enemy">
      <UniqueIdentifier>{d1102c0b-61ae-4346-8471-e528b1640582}</UniqueIdentifier>
    </Filter>
    <Filter Include="소스 파일\Time">
      <UniqueIdentifier>{6815745f-0202-4242-9866-76975f6fb3a0}</UniqueIdentifier>
    </Filter>
    <Filter Include="소스 파일\Effect">
      <UniqueIdentifier>{28b4af17-06d3-4ded-a24a-5285c416a750}</UniqueIdentifier>
    </Filter>
    <Filter Include="리소스 파일\fmodsound">
      <UniqueIdentifier>{52d23d25-3b88-4327-b26c-d35de9fd05b1}</UniqueIdentifier>
    </Filter>
    <Filter Include="소스 파일\Ending">
      <UniqueIdentifier>{60c419e7-6792-4240-be6a-11bca4f7ceed}</UniqueIdentifier>
    </Filter>
    <Filter Include="소스 파일\Pause">
      <UniqueIdentifier>{88fb37e8-1abc-40bf-95ee-88e9b3732212}</UniqueIdentifier>
    </Filter>
  </ItemGroup>
  <ItemGroup>
    <ClInclude Include="Define.h">
      <Filter>D3D Core\코어 헤더파일</Filter>
    </ClInclude>
    <ClInclude Include="Game.h">
      <Filter>D3D Core\코어 헤더파일</Filter>
    </ClInclude>
    <ClInclude Include="key.h">
      <Filter>D3D Core\코어 헤더파일</Filter>
    </ClInclude>
    <ClInclude Include="Sprite.h">
      <Filter>D3D Core\코어 헤더파일</Filter>
    </ClInclude>
    <ClInclude Include="Chap.h">
      <Filter>D3D Core\코어 헤더파일</Filter>
    </ClInclude>
    <ClInclude Include="CMng.h">
      <Filter>D3D Core\코어 헤더파일</Filter>
    </ClInclude>
    <ClInclude Include="Logo.h">
      <Filter>D3D Core\코어 헤더파일</Filter>
    </ClInclude>
    <ClInclude Include="Menu.h">
      <Filter>D3D Core\코어 헤더파일</Filter>
    </ClInclude>
    <ClInclude Include="Over.h">
      <Filter>D3D Core\코어 헤더파일</Filter>
    </ClInclude>
    <ClInclude Include="DXUTsound.h">
      <Filter>D3D Core\코어 헤더파일</Filter>
    </ClInclude>
    <ClInclude Include="Sound.h">
      <Filter>소스 파일\Sound</Filter>
    </ClInclude>
    <ClInclude Include="GameManager.h">
      <Filter>소스 파일\GameManager</Filter>
    </ClInclude>
    <ClInclude Include="DeviceFont.h">
      <Filter>D3D Core\코어 헤더파일</Filter>
    </ClInclude>
    <ClInclude Include="Mysql.h">
      <Filter>소스 파일\Mysql</Filter>
    </ClInclude>
    <ClInclude Include="Collider.h">
      <Filter>소스 파일\콜라이더</Filter>
    </ClInclude>
    <ClInclude Include="Pathfinding.h">
      <Filter>소스 파일\콜라이더</Filter>
    </ClInclude>
    <ClInclude Include="MapManager.h">
      <Filter>소스 파일\Map</Filter>
    </ClInclude>
    <ClInclude Include="Camera.h">
      <Filter>D3D Core\코어 헤더파일</Filter>
    </ClInclude>
    <ClInclude Include="Knight.h">
      <Filter>소스 파일\Knight</Filter>
    </ClInclude>
    <ClInclude Include="UIManager.h">
      <Filter>소스 파일\UI</Filter>
    </ClInclude>
    <ClInclude Include="Enemy.h">
      <Filter>소스 파일\Enemy</Filter>
    </ClInclude>
    <ClInclude Include="Boss.h">
      <Filter>소스 파일\Enemy</Filter>
    </ClInclude>
    <ClInclude Include="TimeManager.h">
      <Filter>소스 파일\Time</Filter>
    </ClInclude>
    <ClInclude Include="EffectManager.h">
      <Filter>소스 파일\Effect</Filter>
    </ClInclude>
    <ClInclude Include="FmodSound.h">
      <Filter>리소스 파일\fmodsound</Filter>
    </ClInclude>
    <ClInclude Include="Ending.h">
      <Filter>소스 파일\Ending</Filter>
    </ClInclude>
    <ClInclude Include="Include.h">
      <Filter>D3D Core\코어 헤더파일</Filter>
    </ClInclude>
    <ClInclude Include="Pause.h">
      <Filter>소스 파일\Pause</Filter>
    </ClInclude>
  </ItemGroup>
  <ItemGroup>
    <ClCompile Include="key.cpp">
      <Filter>D3D Core\코어 소스</Filter>
    </ClCompile>
    <ClCompile Include="Sprite.cpp">
      <Filter>D3D Core\코어 소스</Filter>
    </ClCompile>
    <ClCompile Include="CMng.cpp">
      <Filter>D3D Core\코어 소스</Filter>
    </ClCompile>
    <ClCompile Include="Menu.cpp">
      <Filter>D3D Core\코어 소스</Filter>
    </ClCompile>
    <ClCompile Include="Over.cpp">
      <Filter>D3D Core\코어 소스</Filter>
    </ClCompile>
    <ClCompile Include="Logo.cpp">
      <Filter>D3D Core\코어 소스</Filter>
    </ClCompile>
    <ClCompile Include="DXUTsound.cpp">
      <Filter>D3D Core\코어 소스</Filter>
    </ClCompile>
    <ClCompile Include="Sound.cpp">
      <Filter>소스 파일\Sound</Filter>
    </ClCompile>
    <ClCompile Include="GameManager.cpp">
      <Filter>소스 파일\GameManager</Filter>
    </ClCompile>
    <ClCompile Include="DeviceFont.cpp">
      <Filter>D3D Core\코어 소스</Filter>
    </ClCompile>
    <ClCompile Include="Mysql.cpp">
      <Filter>소스 파일\Mysql</Filter>
    </ClCompile>
    <ClCompile Include="Game.cpp">
      <Filter>D3D Core\코어 소스</Filter>
    </ClCompile>
    <ClCompile Include="Main.cpp">
      <Filter>D3D Core\코어 소스</Filter>
    </ClCompile>
    <ClCompile Include="Collider.cpp">
      <Filter>소스 파일\콜라이더</Filter>
    </ClCompile>
    <ClCompile Include="Pathfinding.cpp">
      <Filter>소스 파일\콜라이더</Filter>
    </ClCompile>
    <ClCompile Include="MapManager.cpp">
      <Filter>소스 파일\Map</Filter>
    </ClCompile>
    <ClCompile Include="Camera.cpp">
      <Filter>D3D Core\코어 소스</Filter>
    </ClCompile>
    <ClCompile Include="Knight.cpp">
      <Filter>소스 파일\Knight</Filter>
    </ClCompile>
    <ClCompile Include="UIManager.cpp">
      <Filter>소스 파일\UI</Filter>
    </ClCompile>
    <ClCompile Include="Enemy.cpp">
      <Filter>소스 파일\Enemy</Filter>
    </ClCompile>
    <ClCompile Include="Boss.cpp">
      <Filter>소스 파일\Enemy</Filter>
    </ClCompile>
    <ClCompile Include="TimeManager.cpp">
      <Filter>소스 파일\Time</Filter>
    </ClCompile>
    <ClCompile Include="EffectManager.cpp">
      <Filter>소스 파일\Effect</Filter>
    </ClCompile>
    <ClCompile Include="FmodSound.cpp">
      <Filter>리소스 파일\fmodsound</Filter>
    </ClCompile>
    <ClCompile Include="Ending.cpp">
      <Filter>소스 파일\Ending</Filter>
    </ClCompile>
    <ClCompile Include="Pause.cpp">
      <Filter>소스 파일\Pause</Filter>
    </ClCompile>
  </ItemGroup>
</Project>